
Microsoft Visual Studio Solution File, Format Version 12.00
# Visual Studio Version 16
VisualStudioVersion = 16.0.29613.14
MinimumVisualStudioVersion = 10.0.40219.1
Project("{2150E333-8FDC-42A3-9474-1A3956D46DE8}") = "Solution Items", "Solution Items", "{A9F4B9DA-198B-4A20-89D2-4BB59FA03BA2}"
	ProjectSection(SolutionItems) = preProject
		.editorconfig = .editorconfig
		build-packages.ps1 = build-packages.ps1
		LICENSE = LICENSE
		nuget.config = nuget.config
		README.md = README.md
	EndProjectSection
EndProject
Project("{FAE04EC0-301F-11D3-BF4B-00C04F79EFBC}") = "DbLocalizationProvider.EPiServer", "src\DbLocalizationProvider.EPiServer\DbLocalizationProvider.EPiServer.csproj", "{86CBFEC7-8763-4BBA-B760-0A0C977C8C36}"
EndProject
Project("{FAE04EC0-301F-11D3-BF4B-00C04F79EFBC}") = "DbLocalizationProvider.AspNet", "lib\aspnet\src\DbLocalizationProvider.AspNet\DbLocalizationProvider.AspNet.csproj", "{BFFF1D76-E64F-47BE-B77E-E0873977B3B3}"
EndProject
Project("{9A19103F-16F7-4668-BE54-9A1E7A4F7556}") = "DbLocalizationProvider.Abstractions", "lib\aspnet\lib\localization-provider\src\DbLocalizationProvider.Abstractions\DbLocalizationProvider.Abstractions.csproj", "{DDD513C3-DFC8-4C71-B1FE-5E3E06218E89}"
EndProject
Project("{9A19103F-16F7-4668-BE54-9A1E7A4F7556}") = "DbLocalizationProvider", "lib\aspnet\lib\localization-provider\src\DbLocalizationProvider\DbLocalizationProvider.csproj", "{752E02DF-AE33-4D30-9DFA-480CDE49E46E}"
EndProject
Project("{FAE04EC0-301F-11D3-BF4B-00C04F79EFBC}") = "DbLocalizationProvider.EPiServer.JsResourceHandler", "src\DbLocalizationProvider.EPiServer.JsResourceHandler\DbLocalizationProvider.EPiServer.JsResourceHandler.csproj", "{809F8979-893D-4145-9397-133E3B547E05}"
EndProject
Project("{FAE04EC0-301F-11D3-BF4B-00C04F79EFBC}") = "DbLocalizationProvider.AdminUI.EPiServer", "src\DbLocalizationProvider.AdminUI.EPiServer\DbLocalizationProvider.AdminUI.EPiServer.csproj", "{AA5FCD04-8113-4F0B-8E8E-5CF365B3D245}"
EndProject
Project("{FAE04EC0-301F-11D3-BF4B-00C04F79EFBC}") = "DbLocalizationProvider.AdminUI.EPiServer.Xliff", "src\DbLocalizationProvider.AdminUI.EPiServer.Xliff\DbLocalizationProvider.AdminUI.EPiServer.Xliff.csproj", "{5435A71A-20F3-429F-999E-AB7AA409649E}"
EndProject
Project("{FAE04EC0-301F-11D3-BF4B-00C04F79EFBC}") = "DbLocalizationProvider.Xliff", "lib\aspnet\src\DbLocalizationProvider.Xliff\DbLocalizationProvider.Xliff.csproj", "{1B38B864-FFA5-498B-93BC-39F17B604202}"
EndProject
Project("{2150E333-8FDC-42A3-9474-1A3956D46DE8}") = "Tests", "Tests", "{79796C87-A78D-4D20-9958-D51754B48634}"
EndProject
Project("{FAE04EC0-301F-11D3-BF4B-00C04F79EFBC}") = "DbLocalizationProvider.EPiServer.Tests", "tests\DbLocalizationProvider.EPiServer.Tests\DbLocalizationProvider.EPiServer.Tests.csproj", "{E5AFBC0F-A95B-4477-BE71-1AC9D76A783C}"
EndProject
Project("{FAE04EC0-301F-11D3-BF4B-00C04F79EFBC}") = "DbLocalizationProvider.EPiServer.Sample", "tests\DbLocalizationProvider.EPiServer.Sample\DbLocalizationProvider.EPiServer.Sample.csproj", "{9482069F-3E36-4908-912D-26A84941C79F}"
EndProject
Project("{FAE04EC0-301F-11D3-BF4B-00C04F79EFBC}") = "DbLocalizationProvider.MigrationTool.Tests", "tests\DbLocalizationProvider.MigrationTool.Tests\DbLocalizationProvider.MigrationTool.Tests.csproj", "{E8441601-E1FD-49F1-B94A-B1F62C2D6433}"
EndProject
Project("{FAE04EC0-301F-11D3-BF4B-00C04F79EFBC}") = "DbLocalizationProvider.MigrationTool", "src\DbLocalizationProvider.MigrationTool\DbLocalizationProvider.MigrationTool.csproj", "{5227C16B-342C-4097-A9ED-295CDD164A61}"
EndProject
Project("{2150E333-8FDC-42A3-9474-1A3956D46DE8}") = "docs", "docs", "{084EF582-BB58-4664-856E-E7D7065F16C2}"
	ProjectSection(SolutionItems) = preProject
		docs\adminui-epi.md = docs\adminui-epi.md
		docs\adminui-import.png = docs\adminui-import.png
		docs\getting-started-epi.md = docs\getting-started-epi.md
		docs\jsresourcehandler-epi.md = docs\jsresourcehandler-epi.md
		docs\working-with-resources-epi.md = docs\working-with-resources-epi.md
		docs\working-with-submodules.md = docs\working-with-submodules.md
		docs\xml-migration-epi.md = docs\xml-migration-epi.md
	EndProjectSection
EndProject
Project("{FAE04EC0-301F-11D3-BF4B-00C04F79EFBC}") = "DbLocalizationProvider.JsResourceHandler", "lib\aspnet\src\DbLocalizationProvider.JsResourceHandler\DbLocalizationProvider.JsResourceHandler.csproj", "{4CE9BFFA-754B-435C-A11C-F0C1A6E236F0}"
EndProject
Project("{FAE04EC0-301F-11D3-BF4B-00C04F79EFBC}") = "DbLocalizationProvider.Storage.SqlServer", "lib\aspnet\src\DbLocalizationProvider.Storage.SqlServer\DbLocalizationProvider.Storage.SqlServer.csproj", "{27481E9D-74BA-4182-93A5-61FF969AB666}"
EndProject
Global
	GlobalSection(SolutionConfigurationPlatforms) = preSolution
		Debug|Any CPU = Debug|Any CPU
		Release|Any CPU = Release|Any CPU
	EndGlobalSection
	GlobalSection(ProjectConfigurationPlatforms) = postSolution
		{86CBFEC7-8763-4BBA-B760-0A0C977C8C36}.Debug|Any CPU.ActiveCfg = Debug|Any CPU
		{86CBFEC7-8763-4BBA-B760-0A0C977C8C36}.Debug|Any CPU.Build.0 = Debug|Any CPU
		{86CBFEC7-8763-4BBA-B760-0A0C977C8C36}.Release|Any CPU.ActiveCfg = Release|Any CPU
		{86CBFEC7-8763-4BBA-B760-0A0C977C8C36}.Release|Any CPU.Build.0 = Release|Any CPU
		{BFFF1D76-E64F-47BE-B77E-E0873977B3B3}.Debug|Any CPU.ActiveCfg = Debug|Any CPU
		{BFFF1D76-E64F-47BE-B77E-E0873977B3B3}.Debug|Any CPU.Build.0 = Debug|Any CPU
		{BFFF1D76-E64F-47BE-B77E-E0873977B3B3}.Release|Any CPU.ActiveCfg = Release|Any CPU
		{BFFF1D76-E64F-47BE-B77E-E0873977B3B3}.Release|Any CPU.Build.0 = Release|Any CPU
		{DDD513C3-DFC8-4C71-B1FE-5E3E06218E89}.Debug|Any CPU.ActiveCfg = Debug|Any CPU
		{DDD513C3-DFC8-4C71-B1FE-5E3E06218E89}.Debug|Any CPU.Build.0 = Debug|Any CPU
		{DDD513C3-DFC8-4C71-B1FE-5E3E06218E89}.Release|Any CPU.ActiveCfg = Release|Any CPU
		{DDD513C3-DFC8-4C71-B1FE-5E3E06218E89}.Release|Any CPU.Build.0 = Release|Any CPU
		{752E02DF-AE33-4D30-9DFA-480CDE49E46E}.Debug|Any CPU.ActiveCfg = Debug|Any CPU
		{752E02DF-AE33-4D30-9DFA-480CDE49E46E}.Debug|Any CPU.Build.0 = Debug|Any CPU
		{752E02DF-AE33-4D30-9DFA-480CDE49E46E}.Release|Any CPU.ActiveCfg = Release|Any CPU
		{752E02DF-AE33-4D30-9DFA-480CDE49E46E}.Release|Any CPU.Build.0 = Release|Any CPU
		{809F8979-893D-4145-9397-133E3B547E05}.Debug|Any CPU.ActiveCfg = Debug|Any CPU
		{809F8979-893D-4145-9397-133E3B547E05}.Debug|Any CPU.Build.0 = Debug|Any CPU
		{809F8979-893D-4145-9397-133E3B547E05}.Release|Any CPU.ActiveCfg = Release|Any CPU
		{809F8979-893D-4145-9397-133E3B547E05}.Release|Any CPU.Build.0 = Release|Any CPU
		{AA5FCD04-8113-4F0B-8E8E-5CF365B3D245}.Debug|Any CPU.ActiveCfg = Debug|Any CPU
		{AA5FCD04-8113-4F0B-8E8E-5CF365B3D245}.Debug|Any CPU.Build.0 = Debug|Any CPU
		{AA5FCD04-8113-4F0B-8E8E-5CF365B3D245}.Release|Any CPU.ActiveCfg = Release|Any CPU
		{AA5FCD04-8113-4F0B-8E8E-5CF365B3D245}.Release|Any CPU.Build.0 = Release|Any CPU
		{5435A71A-20F3-429F-999E-AB7AA409649E}.Debug|Any CPU.ActiveCfg = Debug|Any CPU
		{5435A71A-20F3-429F-999E-AB7AA409649E}.Debug|Any CPU.Build.0 = Debug|Any CPU
		{5435A71A-20F3-429F-999E-AB7AA409649E}.Release|Any CPU.ActiveCfg = Release|Any CPU
		{5435A71A-20F3-429F-999E-AB7AA409649E}.Release|Any CPU.Build.0 = Release|Any CPU
		{1B38B864-FFA5-498B-93BC-39F17B604202}.Debug|Any CPU.ActiveCfg = Debug|Any CPU
		{1B38B864-FFA5-498B-93BC-39F17B604202}.Debug|Any CPU.Build.0 = Debug|Any CPU
		{1B38B864-FFA5-498B-93BC-39F17B604202}.Release|Any CPU.ActiveCfg = Release|Any CPU
		{1B38B864-FFA5-498B-93BC-39F17B604202}.Release|Any CPU.Build.0 = Release|Any CPU
		{E5AFBC0F-A95B-4477-BE71-1AC9D76A783C}.Debug|Any CPU.ActiveCfg = Debug|Any CPU
		{E5AFBC0F-A95B-4477-BE71-1AC9D76A783C}.Debug|Any CPU.Build.0 = Debug|Any CPU
		{E5AFBC0F-A95B-4477-BE71-1AC9D76A783C}.Release|Any CPU.ActiveCfg = Release|Any CPU
		{E5AFBC0F-A95B-4477-BE71-1AC9D76A783C}.Release|Any CPU.Build.0 = Release|Any CPU
		{9482069F-3E36-4908-912D-26A84941C79F}.Debug|Any CPU.ActiveCfg = Debug|Any CPU
		{9482069F-3E36-4908-912D-26A84941C79F}.Debug|Any CPU.Build.0 = Debug|Any CPU
		{9482069F-3E36-4908-912D-26A84941C79F}.Release|Any CPU.ActiveCfg = Release|Any CPU
		{9482069F-3E36-4908-912D-26A84941C79F}.Release|Any CPU.Build.0 = Release|Any CPU
		{E8441601-E1FD-49F1-B94A-B1F62C2D6433}.Debug|Any CPU.ActiveCfg = Debug|Any CPU
		{E8441601-E1FD-49F1-B94A-B1F62C2D6433}.Debug|Any CPU.Build.0 = Debug|Any CPU
		{E8441601-E1FD-49F1-B94A-B1F62C2D6433}.Release|Any CPU.ActiveCfg = Release|Any CPU
		{E8441601-E1FD-49F1-B94A-B1F62C2D6433}.Release|Any CPU.Build.0 = Release|Any CPU
		{5227C16B-342C-4097-A9ED-295CDD164A61}.Debug|Any CPU.ActiveCfg = Debug|Any CPU
		{5227C16B-342C-4097-A9ED-295CDD164A61}.Debug|Any CPU.Build.0 = Debug|Any CPU
		{5227C16B-342C-4097-A9ED-295CDD164A61}.Release|Any CPU.ActiveCfg = Release|Any CPU
		{5227C16B-342C-4097-A9ED-295CDD164A61}.Release|Any CPU.Build.0 = Release|Any CPU
		{4CE9BFFA-754B-435C-A11C-F0C1A6E236F0}.Debug|Any CPU.ActiveCfg = Debug|Any CPU
		{4CE9BFFA-754B-435C-A11C-F0C1A6E236F0}.Debug|Any CPU.Build.0 = Debug|Any CPU
		{4CE9BFFA-754B-435C-A11C-F0C1A6E236F0}.Release|Any CPU.ActiveCfg = Release|Any CPU
		{4CE9BFFA-754B-435C-A11C-F0C1A6E236F0}.Release|Any CPU.Build.0 = Release|Any CPU
		{27481E9D-74BA-4182-93A5-61FF969AB666}.Debug|Any CPU.ActiveCfg = Debug|Any CPU
		{27481E9D-74BA-4182-93A5-61FF969AB666}.Debug|Any CPU.Build.0 = Debug|Any CPU
		{27481E9D-74BA-4182-93A5-61FF969AB666}.Release|Any CPU.ActiveCfg = Release|Any CPU
		{27481E9D-74BA-4182-93A5-61FF969AB666}.Release|Any CPU.Build.0 = Release|Any CPU
	EndGlobalSection
	GlobalSection(SolutionProperties) = preSolution
		HideSolutionNode = FALSE
	EndGlobalSection
	GlobalSection(NestedProjects) = preSolution
		{E5AFBC0F-A95B-4477-BE71-1AC9D76A783C} = {79796C87-A78D-4D20-9958-D51754B48634}
		{9482069F-3E36-4908-912D-26A84941C79F} = {79796C87-A78D-4D20-9958-D51754B48634}
		{E8441601-E1FD-49F1-B94A-B1F62C2D6433} = {79796C87-A78D-4D20-9958-D51754B48634}
		{084EF582-BB58-4664-856E-E7D7065F16C2} = {A9F4B9DA-198B-4A20-89D2-4BB59FA03BA2}
	EndGlobalSection
	GlobalSection(ExtensibilityGlobals) = postSolution
		SolutionGuid = {0A27FFA5-2F3B-43AB-9607-7BDD8F92F931}
	EndGlobalSection
EndGlobal
